
Microsoft Visual Studio Solution File, Format Version 12.00
# Visual Studio Version 17
VisualStudioVersion = 17.11.35327.3
MinimumVisualStudioVersion = 10.0.40219.1
Project("{FAE04EC0-301F-11D3-BF4B-00C04F79EFBC}") = "Movie sentiment analysis", "Movie sentiment analysis\Movie sentiment analysis.csproj", "{61B08942-6B5E-495D-ABA9-4F6FF5E87E7A}"
EndProject
Global
	GlobalSection(SolutionConfigurationPlatforms) = preSolution
		Debug|Any CPU = Debug|Any CPU
		Release|Any CPU = Release|Any CPU
	EndGlobalSection
	GlobalSection(ProjectConfigurationPlatforms) = postSolution
		{61B08942-6B5E-495D-ABA9-4F6FF5E87E7A}.Debug|Any CPU.ActiveCfg = Debug|Any CPU
		{61B08942-6B5E-495D-ABA9-4F6FF5E87E7A}.Debug|Any CPU.Build.0 = Debug|Any CPU
		{61B08942-6B5E-495D-ABA9-4F6FF5E87E7A}.Release|Any CPU.ActiveCfg = Release|Any CPU
		{61B08942-6B5E-495D-ABA9-4F6FF5E87E7A}.Release|Any CPU.Build.0 = Release|Any CPU
	EndGlobalSection
	GlobalSection(SolutionProperties) = preSolution
		HideSolutionNode = FALSE
	EndGlobalSection
	GlobalSection(ExtensibilityGlobals) = postSolution
		SolutionGuid = {88A33F2E-FE38-4D44-A86B-6F1F18546A42}
	EndGlobalSection
EndGlobal
